{
  "name": "advent-of-code-2017",
  "version": "1.0.0",
  "lockfileVersion": 1,
  "requires": true,
  "dependencies": {
    "@types/lodash": {
      "version": "4.14.88",
      "resolved": "https://registry.npmjs.org/@types/lodash/-/lodash-4.14.88.tgz",
      "integrity": "sha512-S+7dONqCP8kXqOPCPxra7Vw8FndWS8pNfVkClMSzRCPMjXkA3BaI3ybMBCiSd4y+r1vC49UEjNthnm+fO8J/dw=="
    },
    "@types/node": {
      "version": "8.0.58",
      "resolved": "https://registry.npmjs.org/@types/node/-/node-8.0.58.tgz",
      "integrity": "sha512-V746iUU7eHNdzQipoACuguDlVhC7IHK8CES1jSkuFt352wwA84BCWPXaGekBd7R5XdNK5ReHONDVKxlL9IreAw==",
      "dev": true
    },
    "lodash": {
      "version": "4.17.4",
      "resolved": "https://registry.npmjs.org/lodash/-/lodash-4.17.4.tgz",
      "integrity": "sha1-eCA6TRwyiuHYbcpkYONptX9AVa4="
    }
  }
}
